
Microsoft Visual Studio Solution File, Format Version 12.00
# Visual Studio 14
VisualStudioVersion = 14.0.24720.0
MinimumVisualStudioVersion = 10.0.40219.1
Project("{FAE04EC0-301F-11D3-BF4B-00C04F79EFBC}") = "Lab06", "Lab06\Lab06.csproj", "{511F4195-3BF8-4265-8EBD-A9E54F30F5C7}"
EndProject
Project("{FAE04EC0-301F-11D3-BF4B-00C04F79EFBC}") = "PigLatinTranslator", "PigLatinTranslator\PigLatinTranslator.csproj", "{68B9E158-2BA0-4DC7-AF14-9B53C50C9A56}"
EndProject
Global
	GlobalSection(SolutionConfigurationPlatforms) = preSolution
		Debug|Any CPU = Debug|Any CPU
		Release|Any CPU = Release|Any CPU
	EndGlobalSection
	GlobalSection(ProjectConfigurationPlatforms) = postSolution
		{511F4195-3BF8-4265-8EBD-A9E54F30F5C7}.Debug|Any CPU.ActiveCfg = Debug|Any CPU
		{511F4195-3BF8-4265-8EBD-A9E54F30F5C7}.Debug|Any CPU.Build.0 = Debug|Any CPU
		{511F4195-3BF8-4265-8EBD-A9E54F30F5C7}.Release|Any CPU.ActiveCfg = Release|Any CPU
		{511F4195-3BF8-4265-8EBD-A9E54F30F5C7}.Release|Any CPU.Build.0 = Release|Any CPU
		{68B9E158-2BA0-4DC7-AF14-9B53C50C9A56}.Debug|Any CPU.ActiveCfg = Debug|Any CPU
		{68B9E158-2BA0-4DC7-AF14-9B53C50C9A56}.Debug|Any CPU.Build.0 = Debug|Any CPU
		{68B9E158-2BA0-4DC7-AF14-9B53C50C9A56}.Release|Any CPU.ActiveCfg = Release|Any CPU
		{68B9E158-2BA0-4DC7-AF14-9B53C50C9A56}.Release|Any CPU.Build.0 = Release|Any CPU
	EndGlobalSection
	GlobalSection(SolutionProperties) = preSolution
		HideSolutionNode = FALSE
	EndGlobalSection
EndGlobal
